
Microsoft Visual Studio Solution File, Format Version 12.00
# Visual Studio Version 17
VisualStudioVersion = 17.1.32319.34
MinimumVisualStudioVersion = 10.0.40219.1
Project("{9A19103F-16F7-4668-BE54-9A1E7A4F7556}") = "GraphTutorial", "GraphTutorial.csproj", "{1A5F44B3-92D8-4056-AABC-EB54F8550991}"
EndProject
Global
	GlobalSection(SolutionConfigurationPlatforms) = preSolution
		Debug|Any CPU = Debug|Any CPU
		Release|Any CPU = Release|Any CPU
	EndGlobalSection
	GlobalSection(ProjectConfigurationPlatforms) = postSolution
		{1A5F44B3-92D8-4056-AABC-EB54F8550991}.Debug|Any CPU.ActiveCfg = Debug|Any CPU
		{1A5F44B3-92D8-4056-AABC-EB54F8550991}.Debug|Any CPU.Build.0 = Debug|Any CPU
		{1A5F44B3-92D8-4056-AABC-EB54F8550991}.Release|Any CPU.ActiveCfg = Release|Any CPU
		{1A5F44B3-92D8-4056-AABC-EB54F8550991}.Release|Any CPU.Build.0 = Release|Any CPU
	EndGlobalSection
	GlobalSection(SolutionProperties) = preSolution
		HideSolutionNode = FALSE
	EndGlobalSection
	GlobalSection(ExtensibilityGlobals) = postSolution
		SolutionGuid = {38D0290A-9C7F-4BD2-8992-88F8122A9901}
	EndGlobalSection
EndGlobal
